
Microsoft Visual Studio Solution File, Format Version 12.00
# Visual Studio Version 16
VisualStudioVersion = 16.0.30804.86
MinimumVisualStudioVersion = 10.0.40219.1
Project("{9092AA53-FB77-4645-B42D-1CCCA6BD08BD}") = "NodeJsExample", "NodeJsExample.njsproj", "{06285E4C-9F62-4716-9323-BBA08199C399}"
EndProject
Global
	GlobalSection(SolutionConfigurationPlatforms) = preSolution
		Debug|Any CPU = Debug|Any CPU
		Release|Any CPU = Release|Any CPU
	EndGlobalSection
	GlobalSection(ProjectConfigurationPlatforms) = postSolution
		{06285E4C-9F62-4716-9323-BBA08199C399}.Debug|Any CPU.ActiveCfg = Debug|Any CPU
		{06285E4C-9F62-4716-9323-BBA08199C399}.Debug|Any CPU.Build.0 = Debug|Any CPU
		{06285E4C-9F62-4716-9323-BBA08199C399}.Release|Any CPU.ActiveCfg = Release|Any CPU
		{06285E4C-9F62-4716-9323-BBA08199C399}.Release|Any CPU.Build.0 = Release|Any CPU
	EndGlobalSection
	GlobalSection(SolutionProperties) = preSolution
		HideSolutionNode = FALSE
	EndGlobalSection
	GlobalSection(ExtensibilityGlobals) = postSolution
		SolutionGuid = {2293755F-6697-4C07-917A-D4F40F419459}
	EndGlobalSection
EndGlobal
